
Microsoft Visual Studio Solution File, Format Version 12.00
# Visual Studio Version 16
VisualStudioVersion = 16.0.29911.84
MinimumVisualStudioVersion = 10.0.40219.1
Project("{FAE04EC0-301F-11D3-BF4B-00C04F79EFBC}") = "WebAspCore", "WebAspCore\WebAspCore.csproj", "{6C6175BC-B529-42A6-B9B2-A54BE53EA2D5}"
EndProject
Project("{FAE04EC0-301F-11D3-BF4B-00C04F79EFBC}") = "WebAspCore.Utilities", "WebAspCore.Utilities\WebAspCore.Utilities.csproj", "{260C5167-6B40-4D25-A23D-02FBDD32A2AE}"
EndProject
Project("{FAE04EC0-301F-11D3-BF4B-00C04F79EFBC}") = "WebAspCore.ViewModel", "WebAspCore.ViewModel\WebAspCore.ViewModel.csproj", "{DCB0DE7A-1E87-4F0B-A865-B9CE53378F61}"
EndProject
Project("{FAE04EC0-301F-11D3-BF4B-00C04F79EFBC}") = "WebAspCore.Services", "WebAspCore.Services\WebAspCore.Services.csproj", "{959FEAB2-F681-4B8E-BAE3-8F5EDFF1ED59}"
EndProject
Project("{FAE04EC0-301F-11D3-BF4B-00C04F79EFBC}") = "WebAspCore.Data", "WebAspCore.Data\WebAspCore.Data.csproj", "{B014FDDE-AE52-4F7B-A8C1-32FC0BABB185}"
EndProject
Global
	GlobalSection(SolutionConfigurationPlatforms) = preSolution
		Debug|Any CPU = Debug|Any CPU
		Release|Any CPU = Release|Any CPU
	EndGlobalSection
	GlobalSection(ProjectConfigurationPlatforms) = postSolution
		{6C6175BC-B529-42A6-B9B2-A54BE53EA2D5}.Debug|Any CPU.ActiveCfg = Debug|Any CPU
		{6C6175BC-B529-42A6-B9B2-A54BE53EA2D5}.Debug|Any CPU.Build.0 = Debug|Any CPU
		{6C6175BC-B529-42A6-B9B2-A54BE53EA2D5}.Release|Any CPU.ActiveCfg = Release|Any CPU
		{6C6175BC-B529-42A6-B9B2-A54BE53EA2D5}.Release|Any CPU.Build.0 = Release|Any CPU
		{260C5167-6B40-4D25-A23D-02FBDD32A2AE}.Debug|Any CPU.ActiveCfg = Debug|Any CPU
		{260C5167-6B40-4D25-A23D-02FBDD32A2AE}.Debug|Any CPU.Build.0 = Debug|Any CPU
		{260C5167-6B40-4D25-A23D-02FBDD32A2AE}.Release|Any CPU.ActiveCfg = Release|Any CPU
		{260C5167-6B40-4D25-A23D-02FBDD32A2AE}.Release|Any CPU.Build.0 = Release|Any CPU
		{DCB0DE7A-1E87-4F0B-A865-B9CE53378F61}.Debug|Any CPU.ActiveCfg = Debug|Any CPU
		{DCB0DE7A-1E87-4F0B-A865-B9CE53378F61}.Debug|Any CPU.Build.0 = Debug|Any CPU
		{DCB0DE7A-1E87-4F0B-A865-B9CE53378F61}.Release|Any CPU.ActiveCfg = Release|Any CPU
		{DCB0DE7A-1E87-4F0B-A865-B9CE53378F61}.Release|Any CPU.Build.0 = Release|Any CPU
		{959FEAB2-F681-4B8E-BAE3-8F5EDFF1ED59}.Debug|Any CPU.ActiveCfg = Debug|Any CPU
		{959FEAB2-F681-4B8E-BAE3-8F5EDFF1ED59}.Debug|Any CPU.Build.0 = Debug|Any CPU
		{959FEAB2-F681-4B8E-BAE3-8F5EDFF1ED59}.Release|Any CPU.ActiveCfg = Release|Any CPU
		{959FEAB2-F681-4B8E-BAE3-8F5EDFF1ED59}.Release|Any CPU.Build.0 = Release|Any CPU
		{B014FDDE-AE52-4F7B-A8C1-32FC0BABB185}.Debug|Any CPU.ActiveCfg = Debug|Any CPU
		{B014FDDE-AE52-4F7B-A8C1-32FC0BABB185}.Debug|Any CPU.Build.0 = Debug|Any CPU
		{B014FDDE-AE52-4F7B-A8C1-32FC0BABB185}.Release|Any CPU.ActiveCfg = Release|Any CPU
		{B014FDDE-AE52-4F7B-A8C1-32FC0BABB185}.Release|Any CPU.Build.0 = Release|Any CPU
	EndGlobalSection
	GlobalSection(SolutionProperties) = preSolution
		HideSolutionNode = FALSE
	EndGlobalSection
	GlobalSection(ExtensibilityGlobals) = postSolution
		SolutionGuid = {F982DAC4-C1FB-40CE-99BB-30DFBCC6B493}
	EndGlobalSection
EndGlobal
